// !$*UTF8*$!
{
	archiveVersion = 1;
	classes = {
	};
	objectVersion = 46;
	objects = {

/* Begin PBXBuildFile section */
		5D44C51019DA1F6000DDA8CA /* main.m in Sources */ = {isa = PBXBuildFile; fileRef = 5D44C50F19DA1F6000DDA8CA /* main.m */; };
		5D44C51319DA1F6000DDA8CA /* AppDelegate.m in Sources */ = {isa = PBXBuildFile; fileRef = 5D44C51219DA1F6000DDA8CA /* AppDelegate.m */; };
		5D44C51619DA1F6000DDA8CA /* Simulado_PMP.xcdatamodeld in Sources */ = {isa = PBXBuildFile; fileRef = 5D44C51419DA1F6000DDA8CA /* Simulado_PMP.xcdatamodeld */; };
		5D44C51919DA1F6000DDA8CA /* ViewController.m in Sources */ = {isa = PBXBuildFile; fileRef = 5D44C51819DA1F6000DDA8CA /* ViewController.m */; };
		5D44C51C19DA1F6000DDA8CA /* Main.storyboard in Resources */ = {isa = PBXBuildFile; fileRef = 5D44C51A19DA1F6000DDA8CA /* Main.storyboard */; };
		5D44C51E19DA1F6000DDA8CA /* Images.xcassets in Resources */ = {isa = PBXBuildFile; fileRef = 5D44C51D19DA1F6000DDA8CA /* Images.xcassets */; };
		5D44C52119DA1F6000DDA8CA /* LaunchScreen.xib in Resources */ = {isa = PBXBuildFile; fileRef = 5D44C51F19DA1F6000DDA8CA /* LaunchScreen.xib */; };
		5D44C52D19DA1F6000DDA8CA /* Simulado_PMPTests.m in Sources */ = {isa = PBXBuildFile; fileRef = 5D44C52C19DA1F6000DDA8CA /* Simulado_PMPTests.m */; };
/* End PBXBuildFile section */

/* Begin PBXContainerItemProxy section */
		5D44C52719DA1F6000DDA8CA /* PBXContainerItemProxy */ = {
			isa = PBXContainerItemProxy;
			containerPortal = 5D44C50219DA1F6000DDA8CA /* Project object */;
			proxyType = 1;
			remoteGlobalIDString = 5D44C50919DA1F6000DDA8CA;
			remoteInfo = "Simulado PMP";
		};
/* End PBXContainerItemProxy section */

/* Begin PBXFileReference section */
		5D44C50A19DA1F6000DDA8CA /* Simulado PMP.app */ = {isa = PBXFileReference; explicitFileType = wrapper.application; includeInIndex = 0; path = "Simulado PMP.app"; sourceTree = BUILT_PRODUCTS_DIR; };
		5D44C50E19DA1F6000DDA8CA /* Info.plist */ = {isa = PBXFileReference; lastKnownFileType = text.plist.xml; path = Info.plist; sourceTree = "<group>"; };
		5D44C50F19DA1F6000DDA8CA /* main.m */ = {isa = PBXFileReference; lastKnownFileType = sourcecode.c.objc; path = main.m; sourceTree = "<group>"; };
		5D44C51119DA1F6000DDA8CA /* AppDelegate.h */ = {isa = PBXFileReference; lastKnownFileType = sourcecode.c.h; path = AppDelegate.h; sourceTree = "<group>"; };
		5D44C51219DA1F6000DDA8CA /* AppDelegate.m */ = {isa = PBXFileReference; lastKnownFileType = sourcecode.c.objc; path = AppDelegate.m; sourceTree = "<group>"; };
		5D44C51519DA1F6000DDA8CA /* Simulado_PMP.xcdatamodel */ = {isa = PBXFileReference; lastKnownFileType = wrapper.xcdatamodel; path = Simulado_PMP.xcdatamodel; sourceTree = "<group>"; };
		5D44C51719DA1F6000DDA8CA /* ViewController.h */ = {isa = PBXFileReference; lastKnownFileType = sourcecode.c.h; path = ViewController.h; sourceTree = "<group>"; };
		5D44C51819DA1F6000DDA8CA /* ViewController.m */ = {isa = PBXFileReference; lastKnownFileType = sourcecode.c.objc; path = ViewController.m; sourceTree = "<group>"; };
		5D44C51B19DA1F6000DDA8CA /* Base */ = {isa = PBXFileReference; lastKnownFileType = file.storyboard; name = Base; path = Base.lproj/Main.storyboard; sourceTree = "<group>"; };
		5D44C51D19DA1F6000DDA8CA /* Images.xcassets */ = {isa = PBXFileReference; lastKnownFileType = folder.assetcatalog; path = Images.xcassets; sourceTree = "<group>"; };
		5D44C52019DA1F6000DDA8CA /* Base */ = {isa = PBXFileReference; lastKnownFileType = file.xib; name = Base; path = Base.lproj/LaunchScreen.xib; sourceTree = "<group>"; };
		5D44C52619DA1F6000DDA8CA /* Simulado PMPTests.xctest */ = {isa = PBXFileReference; explicitFileType = wrapper.cfbundle; includeInIndex = 0; path = "Simulado PMPTests.xctest"; sourceTree = BUILT_PRODUCTS_DIR; };
		5D44C52B19DA1F6000DDA8CA /* Info.plist */ = {isa = PBXFileReference; lastKnownFileType = text.plist.xml; path = Info.plist; sourceTree = "<group>"; };
		5D44C52C19DA1F6000DDA8CA /* Simulado_PMPTests.m */ = {isa = PBXFileReference; lastKnownFileType = sourcecode.c.objc; path = Simulado_PMPTests.m; sourceTree = "<group>"; };
/* End PBXFileReference section */

/* Begin PBXFrameworksBuildPhase section */
		5D44C50719DA1F6000DDA8CA /* Frameworks */ = {
			isa = PBXFrameworksBuildPhase;
			buildActionMask = 2147483647;
			files = (
			);
			runOnlyForDeploymentPostprocessing = 0;
		};
		5D44C52319DA1F6000DDA8CA /* Frameworks */ = {
			isa = PBXFrameworksBuildPhase;
			buildActionMask = 2147483647;
			files = (
			);
			runOnlyForDeploymentPostprocessing = 0;
		};
/* End PBXFrameworksBuildPhase section */

/* Begin PBXGroup section */
		5D44C50119DA1F6000DDA8CA = {
			isa = PBXGroup;
			children = (
				5D44C50C19DA1F6000DDA8CA /* Simulado PMP */,
				5D44C52919DA1F6000DDA8CA /* Simulado PMPTests */,
				5D44C50B19DA1F6000DDA8CA /* Products */,
			);
			sourceTree = "<group>";
		};
		5D44C50B19DA1F6000DDA8CA /* Products */ = {
			isa = PBXGroup;
			children = (
				5D44C50A19DA1F6000DDA8CA /* Simulado PMP.app */,
				5D44C52619DA1F6000DDA8CA /* Simulado PMPTests.xctest */,
			);
			name = Products;
			sourceTree = "<group>";
		};
		5D44C50C19DA1F6000DDA8CA /* Simulado PMP */ = {
			isa = PBXGroup;
			children = (
				5D44C51119DA1F6000DDA8CA /* AppDelegate.h */,
				5D44C51219DA1F6000DDA8CA /* AppDelegate.m */,
				5D44C51719DA1F6000DDA8CA /* ViewController.h */,
				5D44C51819DA1F6000DDA8CA /* ViewController.m */,
				5D44C51A19DA1F6000DDA8CA /* Main.storyboard */,
				5D44C51D19DA1F6000DDA8CA /* Images.xcassets */,
				5D44C51F19DA1F6000DDA8CA /* LaunchScreen.xib */,
				5D44C51419DA1F6000DDA8CA /* Simulado_PMP.xcdatamodeld */,
				5D44C50D19DA1F6000DDA8CA /* Supporting Files */,
			);
			path = "Simulado PMP";
			sourceTree = "<group>";
		};
		5D44C50D19DA1F6000DDA8CA /* Supporting Files */ = {
			isa = PBXGroup;
			children = (
				5D44C50E19DA1F6000DDA8CA /* Info.plist */,
				5D44C50F19DA1F6000DDA8CA /* main.m */,
			);
			name = "Supporting Files";
			sourceTree = "<group>";
		};
		5D44C52919DA1F6000DDA8CA /* Simulado PMPTests */ = {
			isa = PBXGroup;
			children = (
				5D44C52C19DA1F6000DDA8CA /* Simulado_PMPTests.m */,
				5D44C52A19DA1F6000DDA8CA /* Supporting Files */,
			);
			path = "Simulado PMPTests";
			sourceTree = "<group>";
		};
		5D44C52A19DA1F6000DDA8CA /* Supporting Files */ = {
			isa = PBXGroup;
			children = (
				5D44C52B19DA1F6000DDA8CA /* Info.plist */,
			);
			name = "Supporting Files";
			sourceTree = "<group>";
		};
/* End PBXGroup section */

/* Begin PBXNativeTarget section */
		5D44C50919DA1F6000DDA8CA /* Simulado PMP */ = {
			isa = PBXNativeTarget;
			buildConfigurationList = 5D44C53019DA1F6000DDA8CA /* Build configuration list for PBXNativeTarget "Simulado PMP" */;
			buildPhases = (
				5D44C50619DA1F6000DDA8CA /* Sources */,
				5D44C50719DA1F6000DDA8CA /* Frameworks */,
				5D44C50819DA1F6000DDA8CA /* Resources */,
			);
			buildRules = (
			);
			dependencies = (
			);
			name = "Simulado PMP";
			productName = "Simulado PMP";
			productReference = 5D44C50A19DA1F6000DDA8CA /* Simulado PMP.app */;
			productType = "com.apple.product-type.application";
		};
		5D44C52519DA1F6000DDA8CA /* Simulado PMPTests */ = {
			isa = PBXNativeTarget;
			buildConfigurationList = 5D44C53319DA1F6000DDA8CA /* Build configuration list for PBXNativeTarget "Simulado PMPTests" */;
			buildPhases = (
				5D44C52219DA1F6000DDA8CA /* Sources */,
				5D44C52319DA1F6000DDA8CA /* Frameworks */,
				5D44C52419DA1F6000DDA8CA /* Resources */,
			);
			buildRules = (
			);
			dependencies = (
				5D44C52819DA1F6000DDA8CA /* PBXTargetDependency */,
			);
			name = "Simulado PMPTests";
			productName = "Simulado PMPTests";
			productReference = 5D44C52619DA1F6000DDA8CA /* Simulado PMPTests.xctest */;
			productType = "com.apple.product-type.bundle.unit-test";
		};
/* End PBXNativeTarget section */

/* Begin PBXProject section */
		5D44C50219DA1F6000DDA8CA /* Project object */ = {
			isa = PBXProject;
			attributes = {
				LastUpgradeCheck = 0600;
				ORGANIZATIONNAME = "Thiago Montenegro";
				TargetAttributes = {
					5D44C50919DA1F6000DDA8CA = {
						CreatedOnToolsVersion = 6.0.1;
					};
					5D44C52519DA1F6000DDA8CA = {
						CreatedOnToolsVersion = 6.0.1;
						TestTargetID = 5D44C50919DA1F6000DDA8CA;
					};
				};
			};
			buildConfigurationList = 5D44C50519DA1F6000DDA8CA /* Build configuration list for PBXProject "Simulado PMP" */;
			compatibilityVersion = "Xcode 3.2";
			developmentRegion = English;
			hasScannedForEncodings = 0;
			knownRegions = (
				en,
				Base,
			);
			mainGroup = 5D44C50119DA1F6000DDA8CA;
			productRefGroup = 5D44C50B19DA1F6000DDA8CA /* Products */;
			projectDirPath = "";
			projectRoot = "";
			targets = (
				5D44C50919DA1F6000DDA8CA /* Simulado PMP */,
				5D44C52519DA1F6000DDA8CA /* Simulado PMPTests */,
			);
		};
/* End PBXProject section */

/* Begin PBXResourcesBuildPhase section */
		5D44C50819DA1F6000DDA8CA /* Resources */ = {
			isa = PBXResourcesBuildPhase;
			buildActionMask = 2147483647;
			files = (
				5D44C51C19DA1F6000DDA8CA /* Main.storyboard in Resources */,
				5D44C52119DA1F6000DDA8CA /* LaunchScreen.xib in Resources */,
				5D44C51E19DA1F6000DDA8CA /* Images.xcassets in Resources */,
			);
			runOnlyForDeploymentPostprocessing = 0;
		};
		5D44C52419DA1F6000DDA8CA /* Resources */ = {
			isa = PBXResourcesBuildPhase;
			buildActionMask = 2147483647;
			files = (
			);
			runOnlyForDeploymentPostprocessing = 0;
		};
/* End PBXResourcesBuildPhase section */

/* Begin PBXSourcesBuildPhase section */
		5D44C50619DA1F6000DDA8CA /* Sources */ = {
			isa = PBXSourcesBuildPhase;
			buildActionMask = 2147483647;
			files = (
				5D44C51619DA1F6000DDA8CA /* Simulado_PMP.xcdatamodeld in Sources */,
				5D44C51319DA1F6000DDA8CA /* AppDelegate.m in Sources */,
				5D44C51919DA1F6000DDA8CA /* ViewController.m in Sources */,
				5D44C51019DA1F6000DDA8CA /* main.m in Sources */,
			);
			runOnlyForDeploymentPostprocessing = 0;
		};
		5D44C52219DA1F6000DDA8CA /* Sources */ = {
			isa = PBXSourcesBuildPhase;
			buildActionMask = 2147483647;
			files = (
				5D44C52D19DA1F6000DDA8CA /* Simulado_PMPTests.m in Sources */,
			);
			runOnlyForDeploymentPostprocessing = 0;
		};
/* End PBXSourcesBuildPhase section */

/* Begin PBXTargetDependency section */
		5D44C52819DA1F6000DDA8CA /* PBXTargetDependency */ = {
			isa = PBXTargetDependency;
			target = 5D44C50919DA1F6000DDA8CA /* Simulado PMP */;
			targetProxy = 5D44C52719DA1F6000DDA8CA /* PBXContainerItemProxy */;
		};
/* End PBXTargetDependency section */

/* Begin PBXVariantGroup section */
		5D44C51A19DA1F6000DDA8CA /* Main.storyboard */ = {
			isa = PBXVariantGroup;
			children = (
				5D44C51B19DA1F6000DDA8CA /* Base */,
			);
			name = Main.storyboard;
			sourceTree = "<group>";
		};
		5D44C51F19DA1F6000DDA8CA /* LaunchScreen.xib */ = {
			isa = PBXVariantGroup;
			children = (
				5D44C52019DA1F6000DDA8CA /* Base */,
			);
			name = LaunchScreen.xib;
			sourceTree = "<group>";
		};
/* End PBXVariantGroup section */

/* Begin XCBuildConfiguration section */
		5D44C52E19DA1F6000DDA8CA /* Debug */ = {
			isa = XCBuildConfiguration;
			buildSettings = {
				ALWAYS_SEARCH_USER_PATHS = NO;
				CLANG_CXX_LANGUAGE_STANDARD = "gnu++0x";
				CLANG_CXX_LIBRARY = "libc++";
				CLANG_ENABLE_MODULES = YES;
				CLANG_ENABLE_OBJC_ARC = YES;
				CLANG_WARN_BOOL_CONVERSION = YES;
				CLANG_WARN_CONSTANT_CONVERSION = YES;
				CLANG_WARN_DIRECT_OBJC_ISA_USAGE = YES_ERROR;
				CLANG_WARN_EMPTY_BODY = YES;
				CLANG_WARN_ENUM_CONVERSION = YES;
				CLANG_WARN_INT_CONVERSION = YES;
				CLANG_WARN_OBJC_ROOT_CLASS = YES_ERROR;
				CLANG_WARN_UNREACHABLE_CODE = YES;
				CLANG_WARN__DUPLICATE_METHOD_MATCH = YES;
				"CODE_SIGN_IDENTITY[sdk=iphoneos*]" = "iPhone Developer";
				COPY_PHASE_STRIP = NO;
				ENABLE_STRICT_OBJC_MSGSEND = YES;
				GCC_C_LANGUAGE_STANDARD = gnu99;
				GCC_DYNAMIC_NO_PIC = NO;
				GCC_OPTIMIZATION_LEVEL = 0;
				GCC_PREPROCESSOR_DEFINITIONS = (
					"DEBUG=1",
					"$(inherited)",
				);
				GCC_SYMBOLS_PRIVATE_EXTERN = NO;
				GCC_WARN_64_TO_32_BIT_CONVERSION = YES;
				GCC_WARN_ABOUT_RETURN_TYPE = YES_ERROR;
				GCC_WARN_UNDECLARED_SELECTOR = YES;
				GCC_WARN_UNINITIALIZED_AUTOS = YES_AGGRESSIVE;
				GCC_WARN_UNUSED_FUNCTION = YES;
				GCC_WARN_UNUSED_VARIABLE = YES;
				IPHONEOS_DEPLOYMENT_TARGET = 8.0;
				MTL_ENABLE_DEBUG_INFO = YES;
				ONLY_ACTIVE_ARCH = YES;
				SDKROOT = iphoneos;
			};
			name = Debug;
		};
		5D44C52F19DA1F6000DDA8CA /* Release */ = {
			isa = XCBuildConfiguration;
			buildSettings = {
				ALWAYS_SEARCH_USER_PATHS = NO;
				CLANG_CXX_LANGUAGE_STANDARD = "gnu++0x";
				CLANG_CXX_LIBRARY = "libc++";
				CLANG_ENABLE_MODULES = YES;
				CLANG_ENABLE_OBJC_ARC = YES;
				CLANG_WARN_BOOL_CONVERSION = YES;
				CLANG_WARN_CONSTANT_CONVERSION = YES;
				CLANG_WARN_DIRECT_OBJC_ISA_USAGE = YES_ERROR;
				CLANG_WARN_EMPTY_BODY = YES;
				CLANG_WARN_ENUM_CONVERSION = YES;
				CLANG_WARN_INT_CONVERSION = YES;
				CLANG_WARN_OBJC_ROOT_CLASS = YES_ERROR;
				CLANG_WARN_UNREACHABLE_CODE = YES;
				CLANG_WARN__DUPLICATE_METHOD_MATCH = YES;
				"CODE_SIGN_IDENTITY[sdk=iphoneos*]" = "iPhone Developer";
				COPY_PHASE_STRIP = YES;
				ENABLE_NS_ASSERTIONS = NO;
				ENABLE_STRICT_OBJC_MSGSEND = YES;
				GCC_C_LANGUAGE_STANDARD = gnu99;
				GCC_WARN_64_TO_32_BIT_CONVERSION = YES;
				GCC_WARN_ABOUT_RETURN_TYPE = YES_ERROR;
				GCC_WARN_UNDECLARED_SELECTOR = YES;
				GCC_WARN_UNINITIALIZED_AUTOS = YES_AGGRESSIVE;
				GCC_WARN_UNUSED_FUNCTION = YES;
				GCC_WARN_UNUSED_VARIABLE = YES;
				IPHONEOS_DEPLOYMENT_TARGET = 8.0;
				MTL_ENABLE_DEBUG_INFO = NO;
				SDKROOT = iphoneos;
				VALIDATE_PRODUCT = YES;
			};
			name = Release;
		};
		5D44C53119DA1F6000DDA8CA /* Debug */ = {
			isa = XCBuildConfiguration;
			buildSettings = {
				ASSETCATALOG_COMPILER_APPICON_NAME = AppIcon;
				INFOPLIST_FILE = "Simulado PMP/Info.plist";
				LD_RUNPATH_SEARCH_PATHS = "$(inherited) @executable_path/Frameworks";
				PRODUCT_NAME = "$(TARGET_NAME)";
			};
			name = Debug;
		};
		5D44C53219DA1F6000DDA8CA /* Release */ = {
			isa = XCBuildConfiguration;
			buildSettings = {
				ASSETCATALOG_COMPILER_APPICON_NAME = AppIcon;
				INFOPLIST_FILE = "Simulado PMP/Info.plist";
				LD_RUNPATH_SEARCH_PATHS = "$(inherited) @executable_path/Frameworks";
				PRODUCT_NAME = "$(TARGET_NAME)";
			};
			name = Release;
		};
		5D44C53419DA1F6000DDA8CA /* Debug */ = {
			isa = XCBuildConfiguration;
			buildSettings = {
				BUNDLE_LOADER = "$(TEST_HOST)";
				FRAMEWORK_SEARCH_PATHS = (
					"$(SDKROOT)/Developer/Library/Frameworks",
					"$(inherited)",
				);
				GCC_PREPROCESSOR_DEFINITIONS = (
					"DEBUG=1",
					"$(inherited)",
				);
				INFOPLIST_FILE = "Simulado PMPTests/Info.plist";
				LD_RUNPATH_SEARCH_PATHS = "$(inherited) @executable_path/Frameworks @loader_path/Frameworks";
				PRODUCT_NAME = "$(TARGET_NAME)";
				TEST_HOST = "$(BUILT_PRODUCTS_DIR)/Simulado PMP.app/Simulado PMP";
			};
			name = Debug;
		};
		5D44C53519DA1F6000DDA8CA /* Release */ = {
			isa = XCBuildConfiguration;
			buildSettings = {
				BUNDLE_LOADER = "$(TEST_HOST)";
				FRAMEWORK_SEARCH_PATHS = (
					"$(SDKROOT)/Developer/Library/Frameworks",
					"$(inherited)",
				);
				INFOPLIST_FILE = "Simulado PMPTests/Info.plist";
				LD_RUNPATH_SEARCH_PATHS = "$(inherited) @executable_path/Frameworks @loader_path/Frameworks";
				PRODUCT_NAME = "$(TARGET_NAME)";
				TEST_HOST = "$(BUILT_PRODUCTS_DIR)/Simulado PMP.app/Simulado PMP";
			};
			name = Release;
		};
/* End XCBuildConfiguration section */

/* Begin XCConfigurationList section */
		5D44C50519DA1F6000DDA8CA /* Build configuration list for PBXProject "Simulado PMP" */ = {
			isa = XCConfigurationList;
			buildConfigurations = (
				5D44C52E19DA1F6000DDA8CA /* Debug */,
				5D44C52F19DA1F6000DDA8CA /* Release */,
			);
			defaultConfigurationIsVisible = 0;
			defaultConfigurationName = Release;
		};
		5D44C53019DA1F6000DDA8CA /* Build configuration list for PBXNativeTarget "Simulado PMP" */ = {
			isa = XCConfigurationList;
			buildConfigurations = (
				5D44C53119DA1F6000DDA8CA /* Debug */,
				5D44C53219DA1F6000DDA8CA /* Release */,
			);
			defaultConfigurationIsVisible = 0;
		};
		5D44C53319DA1F6000DDA8CA /* Build configuration list for PBXNativeTarget "Simulado PMPTests" */ = {
			isa = XCConfigurationList;
			buildConfigurations = (
				5D44C53419DA1F6000DDA8CA /* Debug */,
				5D44C53519DA1F6000DDA8CA /* Release */,
			);
			defaultConfigurationIsVisible = 0;
		};
/* End XCConfigurationList section */

/* Begin XCVersionGroup section */
		5D44C51419DA1F6000DDA8CA /* Simulado_PMP.xcdatamodeld */ = {
			isa = XCVersionGroup;
			children = (
				5D44C51519DA1F6000DDA8CA /* Simulado_PMP.xcdatamodel */,
			);
			currentVersion = 5D44C51519DA1F6000DDA8CA /* Simulado_PMP.xcdatamodel */;
			path = Simulado_PMP.xcdatamodeld;
			sourceTree = "<group>";
			versionGroupType = wrapper.xcdatamodel;
		};
/* End XCVersionGroup section */
	};
	rootObject = 5D44C50219DA1F6000DDA8CA /* Project object */;
}
