// !$*UTF8*$!
{
	archiveVersion = 1;
	classes = {
	};
	objectVersion = 46;
	objects = {

/* Begin PBXBuildFile section */
		2E8CFE705801E2E9E44B6497 /* libPods.a in Frameworks */ = {isa = PBXBuildFile; fileRef = 16A87ACE10A8659B80DABE2B /* libPods.a */; };
		5D16AD3119DB962A00313B10 /* Questao.m in Sources */ = {isa = PBXBuildFile; fileRef = 5D16AD3019DB962A00313B10 /* Questao.m */; };
		5D2D8A5A19E11D0E000B2545 /* inbox.png in Resources */ = {isa = PBXBuildFile; fileRef = 5D2D8A5919E11D0E000B2545 /* inbox.png */; };
		5D2D8A5C19E11ED1000B2545 /* inbox@2x.png in Resources */ = {isa = PBXBuildFile; fileRef = 5D2D8A5B19E11ED1000B2545 /* inbox@2x.png */; };
		5D44C51019DA1F6000DDA8CA /* main.m in Sources */ = {isa = PBXBuildFile; fileRef = 5D44C50F19DA1F6000DDA8CA /* main.m */; };
		5D44C51319DA1F6000DDA8CA /* AppDelegate.m in Sources */ = {isa = PBXBuildFile; fileRef = 5D44C51219DA1F6000DDA8CA /* AppDelegate.m */; };
		5D44C51619DA1F6000DDA8CA /* Simulado_PMP.xcdatamodeld in Sources */ = {isa = PBXBuildFile; fileRef = 5D44C51419DA1F6000DDA8CA /* Simulado_PMP.xcdatamodeld */; };
		5D44C51C19DA1F6000DDA8CA /* Main.storyboard in Resources */ = {isa = PBXBuildFile; fileRef = 5D44C51A19DA1F6000DDA8CA /* Main.storyboard */; };
		5D44C51E19DA1F6000DDA8CA /* Images.xcassets in Resources */ = {isa = PBXBuildFile; fileRef = 5D44C51D19DA1F6000DDA8CA /* Images.xcassets */; };
		5D44C52119DA1F6000DDA8CA /* LaunchScreen.xib in Resources */ = {isa = PBXBuildFile; fileRef = 5D44C51F19DA1F6000DDA8CA /* LaunchScreen.xib */; };
		5D44C52D19DA1F6000DDA8CA /* Simulado_PMPTests.m in Sources */ = {isa = PBXBuildFile; fileRef = 5D44C52C19DA1F6000DDA8CA /* Simulado_PMPTests.m */; };
		5D44C53A19DA2FB500DDA8CA /* MenuViewController.m in Sources */ = {isa = PBXBuildFile; fileRef = 5D44C53919DA2FB500DDA8CA /* MenuViewController.m */; };
		5D44C54019DA31B500DDA8CA /* TiposQuestoesViewController.m in Sources */ = {isa = PBXBuildFile; fileRef = 5D44C53F19DA31B500DDA8CA /* TiposQuestoesViewController.m */; };
		5D44C54319DA321600DDA8CA /* ResumoQuestoesTableViewController.m in Sources */ = {isa = PBXBuildFile; fileRef = 5D44C54219DA321600DDA8CA /* ResumoQuestoesTableViewController.m */; };
		5D44C56819DA3D0900DDA8CA /* InfoPlist.strings in Resources */ = {isa = PBXBuildFile; fileRef = 5D44C54919DA3D0900DDA8CA /* InfoPlist.strings */; };
		5D44C56919DA3D0900DDA8CA /* XlsReader.cpp in Sources */ = {isa = PBXBuildFile; fileRef = 5D44C54D19DA3D0900DDA8CA /* XlsReader.cpp */; };
		5D44C56A19DA3D0900DDA8CA /* endian.c in Sources */ = {isa = PBXBuildFile; fileRef = 5D44C55A19DA3D0900DDA8CA /* endian.c */; };
		5D44C56B19DA3D0900DDA8CA /* ole.c in Sources */ = {isa = PBXBuildFile; fileRef = 5D44C55B19DA3D0900DDA8CA /* ole.c */; };
		5D44C56C19DA3D0900DDA8CA /* xls.c in Sources */ = {isa = PBXBuildFile; fileRef = 5D44C55C19DA3D0900DDA8CA /* xls.c */; };
		5D44C56D19DA3D0900DDA8CA /* xlstool.c in Sources */ = {isa = PBXBuildFile; fileRef = 5D44C55D19DA3D0900DDA8CA /* xlstool.c */; };
		5D44C56E19DA3D0900DDA8CA /* Licenses in Resources */ = {isa = PBXBuildFile; fileRef = 5D44C55E19DA3D0900DDA8CA /* Licenses */; };
		5D44C56F19DA3D0900DDA8CA /* QZCell.m in Sources */ = {isa = PBXBuildFile; fileRef = 5D44C56019DA3D0900DDA8CA /* QZCell.m */; };
		5D44C57019DA3D0900DDA8CA /* QZWorkbook.m in Sources */ = {isa = PBXBuildFile; fileRef = 5D44C56219DA3D0900DDA8CA /* QZWorkbook.m */; };
		5D44C57119DA3D0900DDA8CA /* QZWorkSheet.m in Sources */ = {isa = PBXBuildFile; fileRef = 5D44C56419DA3D0900DDA8CA /* QZWorkSheet.m */; };
		5D44C57219DA3D0900DDA8CA /* QZXLSReader-Info.plist in Resources */ = {isa = PBXBuildFile; fileRef = 5D44C56519DA3D0900DDA8CA /* QZXLSReader-Info.plist */; };
		5D44C57A19DA3EA400DDA8CA /* libiconv.2.4.0.dylib in Frameworks */ = {isa = PBXBuildFile; fileRef = 5D44C57919DA3EA400DDA8CA /* libiconv.2.4.0.dylib */; };
		5D44C57D19DA3F2F00DDA8CA /* ImportITIL.xls in Resources */ = {isa = PBXBuildFile; fileRef = 5D44C57C19DA3F2F00DDA8CA /* ImportITIL.xls */; };
		5D6E5FCC1A0DCAC000E034CA /* inicial-2.png in Resources */ = {isa = PBXBuildFile; fileRef = 5D6E5FCB1A0DCAC000E034CA /* inicial-2.png */; };
		5D6E5FCE1A0DCB5100E034CA /* inicial.png in Resources */ = {isa = PBXBuildFile; fileRef = 5D6E5FCD1A0DCB5100E034CA /* inicial.png */; };
		5D8079311A0C3321000B1CC0 /* SharedView.m in Sources */ = {isa = PBXBuildFile; fileRef = 5D8079301A0C3321000B1CC0 /* SharedView.m */; };
		5D8079351A0C415A000B1CC0 /* SharedView.xib in Resources */ = {isa = PBXBuildFile; fileRef = 5D8079341A0C415A000B1CC0 /* SharedView.xib */; };
		5DA508EA19DA7DBC0038A97D /* QuestoesViewController.m in Sources */ = {isa = PBXBuildFile; fileRef = 5DA508E919DA7DBC0038A97D /* QuestoesViewController.m */; };
/* End PBXBuildFile section */

/* Begin PBXContainerItemProxy section */
		5D44C52719DA1F6000DDA8CA /* PBXContainerItemProxy */ = {
			isa = PBXContainerItemProxy;
			containerPortal = 5D44C50219DA1F6000DDA8CA /* Project object */;
			proxyType = 1;
			remoteGlobalIDString = 5D44C50919DA1F6000DDA8CA;
			remoteInfo = "Simulado PMP";
		};
/* End PBXContainerItemProxy section */

/* Begin PBXFileReference section */
		16A87ACE10A8659B80DABE2B /* libPods.a */ = {isa = PBXFileReference; explicitFileType = archive.ar; includeInIndex = 0; path = libPods.a; sourceTree = BUILT_PRODUCTS_DIR; };
		28005FEF1AFC6092F1C6B54B /* Pods.debug.xcconfig */ = {isa = PBXFileReference; includeInIndex = 1; lastKnownFileType = text.xcconfig; name = Pods.debug.xcconfig; path = "Pods/Target Support Files/Pods/Pods.debug.xcconfig"; sourceTree = "<group>"; };
		5D16AD2F19DB962A00313B10 /* Questao.h */ = {isa = PBXFileReference; fileEncoding = 4; lastKnownFileType = sourcecode.c.h; path = Questao.h; sourceTree = "<group>"; };
		5D16AD3019DB962A00313B10 /* Questao.m */ = {isa = PBXFileReference; fileEncoding = 4; lastKnownFileType = sourcecode.c.objc; path = Questao.m; sourceTree = "<group>"; };
		5D2D8A5919E11D0E000B2545 /* inbox.png */ = {isa = PBXFileReference; lastKnownFileType = image.png; path = inbox.png; sourceTree = "<group>"; };
		5D2D8A5B19E11ED1000B2545 /* inbox@2x.png */ = {isa = PBXFileReference; lastKnownFileType = image.png; path = "inbox@2x.png"; sourceTree = "<group>"; };
		5D44C50A19DA1F6000DDA8CA /* Simulado PMP.app */ = {isa = PBXFileReference; explicitFileType = wrapper.application; includeInIndex = 0; path = "Simulado PMP.app"; sourceTree = BUILT_PRODUCTS_DIR; };
		5D44C50E19DA1F6000DDA8CA /* Info.plist */ = {isa = PBXFileReference; lastKnownFileType = text.plist.xml; path = Info.plist; sourceTree = "<group>"; };
		5D44C50F19DA1F6000DDA8CA /* main.m */ = {isa = PBXFileReference; lastKnownFileType = sourcecode.c.objc; path = main.m; sourceTree = "<group>"; };
		5D44C51119DA1F6000DDA8CA /* AppDelegate.h */ = {isa = PBXFileReference; lastKnownFileType = sourcecode.c.h; path = AppDelegate.h; sourceTree = "<group>"; };
		5D44C51219DA1F6000DDA8CA /* AppDelegate.m */ = {isa = PBXFileReference; lastKnownFileType = sourcecode.c.objc; path = AppDelegate.m; sourceTree = "<group>"; };
		5D44C51519DA1F6000DDA8CA /* Simulado_PMP.xcdatamodel */ = {isa = PBXFileReference; lastKnownFileType = wrapper.xcdatamodel; path = Simulado_PMP.xcdatamodel; sourceTree = "<group>"; };
		5D44C51B19DA1F6000DDA8CA /* Base */ = {isa = PBXFileReference; lastKnownFileType = file.storyboard; name = Base; path = Base.lproj/Main.storyboard; sourceTree = "<group>"; };
		5D44C51D19DA1F6000DDA8CA /* Images.xcassets */ = {isa = PBXFileReference; lastKnownFileType = folder.assetcatalog; path = Images.xcassets; sourceTree = "<group>"; };
		5D44C52019DA1F6000DDA8CA /* Base */ = {isa = PBXFileReference; lastKnownFileType = file.xib; name = Base; path = Base.lproj/LaunchScreen.xib; sourceTree = "<group>"; };
		5D44C52619DA1F6000DDA8CA /* Simulado PMPTests.xctest */ = {isa = PBXFileReference; explicitFileType = wrapper.cfbundle; includeInIndex = 0; path = "Simulado PMPTests.xctest"; sourceTree = BUILT_PRODUCTS_DIR; };
		5D44C52B19DA1F6000DDA8CA /* Info.plist */ = {isa = PBXFileReference; lastKnownFileType = text.plist.xml; path = Info.plist; sourceTree = "<group>"; };
		5D44C52C19DA1F6000DDA8CA /* Simulado_PMPTests.m */ = {isa = PBXFileReference; lastKnownFileType = sourcecode.c.objc; path = Simulado_PMPTests.m; sourceTree = "<group>"; };
		5D44C53819DA2FB500DDA8CA /* MenuViewController.h */ = {isa = PBXFileReference; fileEncoding = 4; lastKnownFileType = sourcecode.c.h; path = MenuViewController.h; sourceTree = "<group>"; };
		5D44C53919DA2FB500DDA8CA /* MenuViewController.m */ = {isa = PBXFileReference; fileEncoding = 4; lastKnownFileType = sourcecode.c.objc; path = MenuViewController.m; sourceTree = "<group>"; };
		5D44C53E19DA31B500DDA8CA /* TiposQuestoesViewController.h */ = {isa = PBXFileReference; fileEncoding = 4; lastKnownFileType = sourcecode.c.h; path = TiposQuestoesViewController.h; sourceTree = "<group>"; };
		5D44C53F19DA31B500DDA8CA /* TiposQuestoesViewController.m */ = {isa = PBXFileReference; fileEncoding = 4; lastKnownFileType = sourcecode.c.objc; path = TiposQuestoesViewController.m; sourceTree = "<group>"; };
		5D44C54119DA321600DDA8CA /* ResumoQuestoesTableViewController.h */ = {isa = PBXFileReference; fileEncoding = 4; lastKnownFileType = sourcecode.c.h; path = ResumoQuestoesTableViewController.h; sourceTree = "<group>"; };
		5D44C54219DA321600DDA8CA /* ResumoQuestoesTableViewController.m */ = {isa = PBXFileReference; fileEncoding = 4; lastKnownFileType = sourcecode.c.objc; path = ResumoQuestoesTableViewController.m; sourceTree = "<group>"; };
		5D44C54A19DA3D0900DDA8CA /* en */ = {isa = PBXFileReference; lastKnownFileType = text.plist.strings; name = en; path = en.lproj/InfoPlist.strings; sourceTree = "<group>"; };
		5D44C54D19DA3D0900DDA8CA /* XlsReader.cpp */ = {isa = PBXFileReference; fileEncoding = 4; lastKnownFileType = sourcecode.cpp.cpp; path = XlsReader.cpp; sourceTree = "<group>"; };
		5D44C54E19DA3D0900DDA8CA /* XlsReader.h */ = {isa = PBXFileReference; fileEncoding = 4; lastKnownFileType = sourcecode.c.h; path = XlsReader.h; sourceTree = "<group>"; };
		5D44C54F19DA3D0900DDA8CA /* config.h */ = {isa = PBXFileReference; fileEncoding = 4; lastKnownFileType = sourcecode.c.h; path = config.h; sourceTree = "<group>"; };
		5D44C55119DA3D0900DDA8CA /* brdb.c.h */ = {isa = PBXFileReference; fileEncoding = 4; lastKnownFileType = sourcecode.c.h; path = brdb.c.h; sourceTree = "<group>"; };
		5D44C55219DA3D0900DDA8CA /* brdb.h */ = {isa = PBXFileReference; fileEncoding = 4; lastKnownFileType = sourcecode.c.h; path = brdb.h; sourceTree = "<group>"; };
		5D44C55319DA3D0900DDA8CA /* endian.h */ = {isa = PBXFileReference; fileEncoding = 4; lastKnownFileType = sourcecode.c.h; path = endian.h; sourceTree = "<group>"; };
		5D44C55419DA3D0900DDA8CA /* ole.h */ = {isa = PBXFileReference; fileEncoding = 4; lastKnownFileType = sourcecode.c.h; path = ole.h; sourceTree = "<group>"; };
		5D44C55519DA3D0900DDA8CA /* xls.h */ = {isa = PBXFileReference; fileEncoding = 4; lastKnownFileType = sourcecode.c.h; path = xls.h; sourceTree = "<group>"; };
		5D44C55619DA3D0900DDA8CA /* xlsstruct.h */ = {isa = PBXFileReference; fileEncoding = 4; lastKnownFileType = sourcecode.c.h; path = xlsstruct.h; sourceTree = "<group>"; };
		5D44C55719DA3D0900DDA8CA /* xlstool.h */ = {isa = PBXFileReference; fileEncoding = 4; lastKnownFileType = sourcecode.c.h; path = xlstool.h; sourceTree = "<group>"; };
		5D44C55819DA3D0900DDA8CA /* xlstypes.h */ = {isa = PBXFileReference; fileEncoding = 4; lastKnownFileType = sourcecode.c.h; path = xlstypes.h; sourceTree = "<group>"; };
		5D44C55A19DA3D0900DDA8CA /* endian.c */ = {isa = PBXFileReference; fileEncoding = 4; lastKnownFileType = sourcecode.c.c; path = endian.c; sourceTree = "<group>"; };
		5D44C55B19DA3D0900DDA8CA /* ole.c */ = {isa = PBXFileReference; fileEncoding = 4; lastKnownFileType = sourcecode.c.c; path = ole.c; sourceTree = "<group>"; };
		5D44C55C19DA3D0900DDA8CA /* xls.c */ = {isa = PBXFileReference; fileEncoding = 4; lastKnownFileType = sourcecode.c.c; path = xls.c; sourceTree = "<group>"; };
		5D44C55D19DA3D0900DDA8CA /* xlstool.c */ = {isa = PBXFileReference; fileEncoding = 4; lastKnownFileType = sourcecode.c.c; path = xlstool.c; sourceTree = "<group>"; };
		5D44C55E19DA3D0900DDA8CA /* Licenses */ = {isa = PBXFileReference; fileEncoding = 4; lastKnownFileType = text; path = Licenses; sourceTree = "<group>"; };
		5D44C55F19DA3D0900DDA8CA /* QZCell.h */ = {isa = PBXFileReference; fileEncoding = 4; lastKnownFileType = sourcecode.c.h; path = QZCell.h; sourceTree = "<group>"; };
		5D44C56019DA3D0900DDA8CA /* QZCell.m */ = {isa = PBXFileReference; fileEncoding = 4; lastKnownFileType = sourcecode.c.objc; path = QZCell.m; sourceTree = "<group>"; };
		5D44C56119DA3D0900DDA8CA /* QZWorkbook.h */ = {isa = PBXFileReference; fileEncoding = 4; lastKnownFileType = sourcecode.c.h; path = QZWorkbook.h; sourceTree = "<group>"; };
		5D44C56219DA3D0900DDA8CA /* QZWorkbook.m */ = {isa = PBXFileReference; fileEncoding = 4; lastKnownFileType = sourcecode.c.objc; path = QZWorkbook.m; sourceTree = "<group>"; };
		5D44C56319DA3D0900DDA8CA /* QZWorkSheet.h */ = {isa = PBXFileReference; fileEncoding = 4; lastKnownFileType = sourcecode.c.h; path = QZWorkSheet.h; sourceTree = "<group>"; };
		5D44C56419DA3D0900DDA8CA /* QZWorkSheet.m */ = {isa = PBXFileReference; fileEncoding = 4; lastKnownFileType = sourcecode.c.objc; path = QZWorkSheet.m; sourceTree = "<group>"; };
		5D44C56519DA3D0900DDA8CA /* QZXLSReader-Info.plist */ = {isa = PBXFileReference; fileEncoding = 4; lastKnownFileType = text.plist.xml; path = "QZXLSReader-Info.plist"; sourceTree = "<group>"; };
		5D44C56619DA3D0900DDA8CA /* QZXLSReader-Prefix.pch */ = {isa = PBXFileReference; fileEncoding = 4; lastKnownFileType = sourcecode.c.h; path = "QZXLSReader-Prefix.pch"; sourceTree = "<group>"; };
		5D44C56719DA3D0900DDA8CA /* QZXLSReader.h */ = {isa = PBXFileReference; fileEncoding = 4; lastKnownFileType = sourcecode.c.h; path = QZXLSReader.h; sourceTree = "<group>"; };
		5D44C57919DA3EA400DDA8CA /* libiconv.2.4.0.dylib */ = {isa = PBXFileReference; lastKnownFileType = "compiled.mach-o.dylib"; name = libiconv.2.4.0.dylib; path = usr/lib/libiconv.2.4.0.dylib; sourceTree = SDKROOT; };
		5D44C57C19DA3F2F00DDA8CA /* ImportITIL.xls */ = {isa = PBXFileReference; lastKnownFileType = file; path = ImportITIL.xls; sourceTree = "<group>"; };
		5D6E5FCB1A0DCAC000E034CA /* inicial-2.png */ = {isa = PBXFileReference; lastKnownFileType = image.png; path = "inicial-2.png"; sourceTree = "<group>"; };
		5D6E5FCD1A0DCB5100E034CA /* inicial.png */ = {isa = PBXFileReference; lastKnownFileType = image.png; path = inicial.png; sourceTree = "<group>"; };
		5D80792F1A0C3321000B1CC0 /* SharedView.h */ = {isa = PBXFileReference; fileEncoding = 4; lastKnownFileType = sourcecode.c.h; path = SharedView.h; sourceTree = "<group>"; };
		5D8079301A0C3321000B1CC0 /* SharedView.m */ = {isa = PBXFileReference; fileEncoding = 4; lastKnownFileType = sourcecode.c.objc; path = SharedView.m; sourceTree = "<group>"; };
		5D8079341A0C415A000B1CC0 /* SharedView.xib */ = {isa = PBXFileReference; fileEncoding = 4; lastKnownFileType = file.xib; path = SharedView.xib; sourceTree = "<group>"; };
		5DA508E819DA7DBC0038A97D /* QuestoesViewController.h */ = {isa = PBXFileReference; fileEncoding = 4; lastKnownFileType = sourcecode.c.h; path = QuestoesViewController.h; sourceTree = "<group>"; };
		5DA508E919DA7DBC0038A97D /* QuestoesViewController.m */ = {isa = PBXFileReference; fileEncoding = 4; lastKnownFileType = sourcecode.c.objc; path = QuestoesViewController.m; sourceTree = "<group>"; };
		F6853B81E4D78AE52269A3C6 /* Pods.release.xcconfig */ = {isa = PBXFileReference; includeInIndex = 1; lastKnownFileType = text.xcconfig; name = Pods.release.xcconfig; path = "Pods/Target Support Files/Pods/Pods.release.xcconfig"; sourceTree = "<group>"; };
/* End PBXFileReference section */

/* Begin PBXFrameworksBuildPhase section */
		5D44C50719DA1F6000DDA8CA /* Frameworks */ = {
			isa = PBXFrameworksBuildPhase;
			buildActionMask = 2147483647;
			files = (
				5D44C57A19DA3EA400DDA8CA /* libiconv.2.4.0.dylib in Frameworks */,
				2E8CFE705801E2E9E44B6497 /* libPods.a in Frameworks */,
			);
			runOnlyForDeploymentPostprocessing = 0;
		};
		5D44C52319DA1F6000DDA8CA /* Frameworks */ = {
			isa = PBXFrameworksBuildPhase;
			buildActionMask = 2147483647;
			files = (
			);
			runOnlyForDeploymentPostprocessing = 0;
		};
/* End PBXFrameworksBuildPhase section */

/* Begin PBXGroup section */
		28AC9B2D1C8241C01BBBB58B /* Pods */ = {
			isa = PBXGroup;
			children = (
				28005FEF1AFC6092F1C6B54B /* Pods.debug.xcconfig */,
				F6853B81E4D78AE52269A3C6 /* Pods.release.xcconfig */,
			);
			name = Pods;
			sourceTree = "<group>";
		};
		5D16AD2E19DB95F800313B10 /* Entidade */ = {
			isa = PBXGroup;
			children = (
				5D16AD2F19DB962A00313B10 /* Questao.h */,
				5D16AD3019DB962A00313B10 /* Questao.m */,
			);
			name = Entidade;
			sourceTree = "<group>";
		};
		5D44C50119DA1F6000DDA8CA = {
			isa = PBXGroup;
			children = (
				5D44C57B19DA3EC900DDA8CA /* Externos */,
				5D44C54819DA3D0900DDA8CA /* QZXLSReader */,
				5D44C50C19DA1F6000DDA8CA /* Simulado PMP */,
				5D44C52919DA1F6000DDA8CA /* Simulado PMPTests */,
				5D44C50B19DA1F6000DDA8CA /* Products */,
				28AC9B2D1C8241C01BBBB58B /* Pods */,
				6123869D72847ECF9A5FFD7D /* Frameworks */,
			);
			sourceTree = "<group>";
		};
		5D44C50B19DA1F6000DDA8CA /* Products */ = {
			isa = PBXGroup;
			children = (
				5D44C50A19DA1F6000DDA8CA /* Simulado PMP.app */,
				5D44C52619DA1F6000DDA8CA /* Simulado PMPTests.xctest */,
			);
			name = Products;
			sourceTree = "<group>";
		};
		5D44C50C19DA1F6000DDA8CA /* Simulado PMP */ = {
			isa = PBXGroup;
			children = (
				5D44C53619DA2F9300DDA8CA /* Imagens */,
				5D16AD2E19DB95F800313B10 /* Entidade */,
				5D44C53719DA2F9800DDA8CA /* Views */,
				5D44C51119DA1F6000DDA8CA /* AppDelegate.h */,
				5D44C51219DA1F6000DDA8CA /* AppDelegate.m */,
				5D44C51A19DA1F6000DDA8CA /* Main.storyboard */,
				5D44C51D19DA1F6000DDA8CA /* Images.xcassets */,
				5D44C51F19DA1F6000DDA8CA /* LaunchScreen.xib */,
				5D44C51419DA1F6000DDA8CA /* Simulado_PMP.xcdatamodeld */,
				5D44C50D19DA1F6000DDA8CA /* Supporting Files */,
			);
			path = "Simulado PMP";
			sourceTree = "<group>";
		};
		5D44C50D19DA1F6000DDA8CA /* Supporting Files */ = {
			isa = PBXGroup;
			children = (
				5D44C57C19DA3F2F00DDA8CA /* ImportITIL.xls */,
				5D44C50E19DA1F6000DDA8CA /* Info.plist */,
				5D44C50F19DA1F6000DDA8CA /* main.m */,
			);
			name = "Supporting Files";
			sourceTree = "<group>";
		};
		5D44C52919DA1F6000DDA8CA /* Simulado PMPTests */ = {
			isa = PBXGroup;
			children = (
				5D44C52C19DA1F6000DDA8CA /* Simulado_PMPTests.m */,
				5D44C52A19DA1F6000DDA8CA /* Supporting Files */,
			);
			path = "Simulado PMPTests";
			sourceTree = "<group>";
		};
		5D44C52A19DA1F6000DDA8CA /* Supporting Files */ = {
			isa = PBXGroup;
			children = (
				5D44C52B19DA1F6000DDA8CA /* Info.plist */,
			);
			name = "Supporting Files";
			sourceTree = "<group>";
		};
		5D44C53619DA2F9300DDA8CA /* Imagens */ = {
			isa = PBXGroup;
			children = (
				5D6E5FCD1A0DCB5100E034CA /* inicial.png */,
				5D6E5FCB1A0DCAC000E034CA /* inicial-2.png */,
				5D2D8A5B19E11ED1000B2545 /* inbox@2x.png */,
				5D2D8A5919E11D0E000B2545 /* inbox.png */,
			);
			name = Imagens;
			sourceTree = "<group>";
		};
		5D44C53719DA2F9800DDA8CA /* Views */ = {
			isa = PBXGroup;
			children = (
				5D44C53819DA2FB500DDA8CA /* MenuViewController.h */,
				5D44C53919DA2FB500DDA8CA /* MenuViewController.m */,
				5D44C53E19DA31B500DDA8CA /* TiposQuestoesViewController.h */,
				5D44C53F19DA31B500DDA8CA /* TiposQuestoesViewController.m */,
				5D44C54119DA321600DDA8CA /* ResumoQuestoesTableViewController.h */,
				5D44C54219DA321600DDA8CA /* ResumoQuestoesTableViewController.m */,
				5DA508E819DA7DBC0038A97D /* QuestoesViewController.h */,
				5DA508E919DA7DBC0038A97D /* QuestoesViewController.m */,
				5D80792F1A0C3321000B1CC0 /* SharedView.h */,
				5D8079301A0C3321000B1CC0 /* SharedView.m */,
				5D8079341A0C415A000B1CC0 /* SharedView.xib */,
			);
			name = Views;
			sourceTree = "<group>";
		};
		5D44C54819DA3D0900DDA8CA /* QZXLSReader */ = {
			isa = PBXGroup;
			children = (
				5D44C54919DA3D0900DDA8CA /* InfoPlist.strings */,
				5D44C54B19DA3D0900DDA8CA /* libxls */,
				5D44C55E19DA3D0900DDA8CA /* Licenses */,
				5D44C55F19DA3D0900DDA8CA /* QZCell.h */,
				5D44C56019DA3D0900DDA8CA /* QZCell.m */,
				5D44C56119DA3D0900DDA8CA /* QZWorkbook.h */,
				5D44C56219DA3D0900DDA8CA /* QZWorkbook.m */,
				5D44C56319DA3D0900DDA8CA /* QZWorkSheet.h */,
				5D44C56419DA3D0900DDA8CA /* QZWorkSheet.m */,
				5D44C56519DA3D0900DDA8CA /* QZXLSReader-Info.plist */,
				5D44C56619DA3D0900DDA8CA /* QZXLSReader-Prefix.pch */,
				5D44C56719DA3D0900DDA8CA /* QZXLSReader.h */,
			);
			path = QZXLSReader;
			sourceTree = "<group>";
		};
		5D44C54B19DA3D0900DDA8CA /* libxls */ = {
			isa = PBXGroup;
			children = (
				5D44C54C19DA3D0900DDA8CA /* C++ */,
				5D44C54F19DA3D0900DDA8CA /* config.h */,
				5D44C55019DA3D0900DDA8CA /* include */,
				5D44C55919DA3D0900DDA8CA /* src */,
			);
			path = libxls;
			sourceTree = "<group>";
		};
		5D44C54C19DA3D0900DDA8CA /* C++ */ = {
			isa = PBXGroup;
			children = (
				5D44C54D19DA3D0900DDA8CA /* XlsReader.cpp */,
				5D44C54E19DA3D0900DDA8CA /* XlsReader.h */,
			);
			path = "C++";
			sourceTree = "<group>";
		};
		5D44C55019DA3D0900DDA8CA /* include */ = {
			isa = PBXGroup;
			children = (
				5D44C55119DA3D0900DDA8CA /* brdb.c.h */,
				5D44C55219DA3D0900DDA8CA /* brdb.h */,
				5D44C55319DA3D0900DDA8CA /* endian.h */,
				5D44C55419DA3D0900DDA8CA /* ole.h */,
				5D44C55519DA3D0900DDA8CA /* xls.h */,
				5D44C55619DA3D0900DDA8CA /* xlsstruct.h */,
				5D44C55719DA3D0900DDA8CA /* xlstool.h */,
				5D44C55819DA3D0900DDA8CA /* xlstypes.h */,
			);
			path = include;
			sourceTree = "<group>";
		};
		5D44C55919DA3D0900DDA8CA /* src */ = {
			isa = PBXGroup;
			children = (
				5D44C55A19DA3D0900DDA8CA /* endian.c */,
				5D44C55B19DA3D0900DDA8CA /* ole.c */,
				5D44C55C19DA3D0900DDA8CA /* xls.c */,
				5D44C55D19DA3D0900DDA8CA /* xlstool.c */,
			);
			path = src;
			sourceTree = "<group>";
		};
		5D44C57B19DA3EC900DDA8CA /* Externos */ = {
			isa = PBXGroup;
			children = (
				5D44C57919DA3EA400DDA8CA /* libiconv.2.4.0.dylib */,
			);
			name = Externos;
			sourceTree = "<group>";
		};
		6123869D72847ECF9A5FFD7D /* Frameworks */ = {
			isa = PBXGroup;
			children = (
				16A87ACE10A8659B80DABE2B /* libPods.a */,
			);
			name = Frameworks;
			sourceTree = "<group>";
		};
/* End PBXGroup section */

/* Begin PBXNativeTarget section */
		5D44C50919DA1F6000DDA8CA /* Simulado PMP */ = {
			isa = PBXNativeTarget;
			buildConfigurationList = 5D44C53019DA1F6000DDA8CA /* Build configuration list for PBXNativeTarget "Simulado PMP" */;
			buildPhases = (
				37E5757698C8C540D061BEDD /* Check Pods Manifest.lock */,
				5D44C50619DA1F6000DDA8CA /* Sources */,
				5D44C50719DA1F6000DDA8CA /* Frameworks */,
				5D44C50819DA1F6000DDA8CA /* Resources */,
				D368F87E261832AF561512BB /* Copy Pods Resources */,
			);
			buildRules = (
			);
			dependencies = (
			);
			name = "Simulado PMP";
			productName = "Simulado PMP";
			productReference = 5D44C50A19DA1F6000DDA8CA /* Simulado PMP.app */;
			productType = "com.apple.product-type.application";
		};
		5D44C52519DA1F6000DDA8CA /* Simulado PMPTests */ = {
			isa = PBXNativeTarget;
			buildConfigurationList = 5D44C53319DA1F6000DDA8CA /* Build configuration list for PBXNativeTarget "Simulado PMPTests" */;
			buildPhases = (
				5D44C52219DA1F6000DDA8CA /* Sources */,
				5D44C52319DA1F6000DDA8CA /* Frameworks */,
				5D44C52419DA1F6000DDA8CA /* Resources */,
			);
			buildRules = (
			);
			dependencies = (
				5D44C52819DA1F6000DDA8CA /* PBXTargetDependency */,
			);
			name = "Simulado PMPTests";
			productName = "Simulado PMPTests";
			productReference = 5D44C52619DA1F6000DDA8CA /* Simulado PMPTests.xctest */;
			productType = "com.apple.product-type.bundle.unit-test";
		};
/* End PBXNativeTarget section */

/* Begin PBXProject section */
		5D44C50219DA1F6000DDA8CA /* Project object */ = {
			isa = PBXProject;
			attributes = {
				LastUpgradeCheck = 0600;
				ORGANIZATIONNAME = "Thiago Montenegro";
				TargetAttributes = {
					5D44C50919DA1F6000DDA8CA = {
						CreatedOnToolsVersion = 6.0.1;
					};
					5D44C52519DA1F6000DDA8CA = {
						CreatedOnToolsVersion = 6.0.1;
						TestTargetID = 5D44C50919DA1F6000DDA8CA;
					};
				};
			};
			buildConfigurationList = 5D44C50519DA1F6000DDA8CA /* Build configuration list for PBXProject "Simulado PMP" */;
			compatibilityVersion = "Xcode 3.2";
			developmentRegion = English;
			hasScannedForEncodings = 0;
			knownRegions = (
				en,
				Base,
			);
			mainGroup = 5D44C50119DA1F6000DDA8CA;
			productRefGroup = 5D44C50B19DA1F6000DDA8CA /* Products */;
			projectDirPath = "";
			projectRoot = "";
			targets = (
				5D44C50919DA1F6000DDA8CA /* Simulado PMP */,
				5D44C52519DA1F6000DDA8CA /* Simulado PMPTests */,
			);
		};
/* End PBXProject section */

/* Begin PBXResourcesBuildPhase section */
		5D44C50819DA1F6000DDA8CA /* Resources */ = {
			isa = PBXResourcesBuildPhase;
			buildActionMask = 2147483647;
			files = (
				5D6E5FCC1A0DCAC000E034CA /* inicial-2.png in Resources */,
				5D2D8A5C19E11ED1000B2545 /* inbox@2x.png in Resources */,
				5D44C57219DA3D0900DDA8CA /* QZXLSReader-Info.plist in Resources */,
				5D44C57D19DA3F2F00DDA8CA /* ImportITIL.xls in Resources */,
				5D44C51C19DA1F6000DDA8CA /* Main.storyboard in Resources */,
				5D44C56819DA3D0900DDA8CA /* InfoPlist.strings in Resources */,
				5D8079351A0C415A000B1CC0 /* SharedView.xib in Resources */,
				5D6E5FCE1A0DCB5100E034CA /* inicial.png in Resources */,
				5D44C52119DA1F6000DDA8CA /* LaunchScreen.xib in Resources */,
				5D2D8A5A19E11D0E000B2545 /* inbox.png in Resources */,
				5D44C56E19DA3D0900DDA8CA /* Licenses in Resources */,
				5D44C51E19DA1F6000DDA8CA /* Images.xcassets in Resources */,
			);
			runOnlyForDeploymentPostprocessing = 0;
		};
		5D44C52419DA1F6000DDA8CA /* Resources */ = {
			isa = PBXResourcesBuildPhase;
			buildActionMask = 2147483647;
			files = (
			);
			runOnlyForDeploymentPostprocessing = 0;
		};
/* End PBXResourcesBuildPhase section */

/* Begin PBXShellScriptBuildPhase section */
		37E5757698C8C540D061BEDD /* Check Pods Manifest.lock */ = {
			isa = PBXShellScriptBuildPhase;
			buildActionMask = 2147483647;
			files = (
			);
			inputPaths = (
			);
			name = "Check Pods Manifest.lock";
			outputPaths = (
			);
			runOnlyForDeploymentPostprocessing = 0;
			shellPath = /bin/sh;
			shellScript = "diff \"${PODS_ROOT}/../Podfile.lock\" \"${PODS_ROOT}/Manifest.lock\" > /dev/null\nif [[ $? != 0 ]] ; then\n    cat << EOM\nerror: The sandbox is not in sync with the Podfile.lock. Run 'pod install' or update your CocoaPods installation.\nEOM\n    exit 1\nfi\n";
			showEnvVarsInLog = 0;
		};
		D368F87E261832AF561512BB /* Copy Pods Resources */ = {
			isa = PBXShellScriptBuildPhase;
			buildActionMask = 2147483647;
			files = (
			);
			inputPaths = (
			);
			name = "Copy Pods Resources";
			outputPaths = (
			);
			runOnlyForDeploymentPostprocessing = 0;
			shellPath = /bin/sh;
			shellScript = "\"${SRCROOT}/Pods/Target Support Files/Pods/Pods-resources.sh\"\n";
			showEnvVarsInLog = 0;
		};
/* End PBXShellScriptBuildPhase section */

/* Begin PBXSourcesBuildPhase section */
		5D44C50619DA1F6000DDA8CA /* Sources */ = {
			isa = PBXSourcesBuildPhase;
			buildActionMask = 2147483647;
			files = (
				5D44C56A19DA3D0900DDA8CA /* endian.c in Sources */,
				5DA508EA19DA7DBC0038A97D /* QuestoesViewController.m in Sources */,
				5D44C56D19DA3D0900DDA8CA /* xlstool.c in Sources */,
				5D44C56F19DA3D0900DDA8CA /* QZCell.m in Sources */,
				5D8079311A0C3321000B1CC0 /* SharedView.m in Sources */,
				5D44C51619DA1F6000DDA8CA /* Simulado_PMP.xcdatamodeld in Sources */,
				5D44C54019DA31B500DDA8CA /* TiposQuestoesViewController.m in Sources */,
				5D16AD3119DB962A00313B10 /* Questao.m in Sources */,
				5D44C51319DA1F6000DDA8CA /* AppDelegate.m in Sources */,
				5D44C51019DA1F6000DDA8CA /* main.m in Sources */,
				5D44C56C19DA3D0900DDA8CA /* xls.c in Sources */,
				5D44C53A19DA2FB500DDA8CA /* MenuViewController.m in Sources */,
				5D44C57019DA3D0900DDA8CA /* QZWorkbook.m in Sources */,
				5D44C56B19DA3D0900DDA8CA /* ole.c in Sources */,
				5D44C54319DA321600DDA8CA /* ResumoQuestoesTableViewController.m in Sources */,
				5D44C56919DA3D0900DDA8CA /* XlsReader.cpp in Sources */,
				5D44C57119DA3D0900DDA8CA /* QZWorkSheet.m in Sources */,
			);
			runOnlyForDeploymentPostprocessing = 0;
		};
		5D44C52219DA1F6000DDA8CA /* Sources */ = {
			isa = PBXSourcesBuildPhase;
			buildActionMask = 2147483647;
			files = (
				5D44C52D19DA1F6000DDA8CA /* Simulado_PMPTests.m in Sources */,
			);
			runOnlyForDeploymentPostprocessing = 0;
		};
/* End PBXSourcesBuildPhase section */

/* Begin PBXTargetDependency section */
		5D44C52819DA1F6000DDA8CA /* PBXTargetDependency */ = {
			isa = PBXTargetDependency;
			target = 5D44C50919DA1F6000DDA8CA /* Simulado PMP */;
			targetProxy = 5D44C52719DA1F6000DDA8CA /* PBXContainerItemProxy */;
		};
/* End PBXTargetDependency section */

/* Begin PBXVariantGroup section */
		5D44C51A19DA1F6000DDA8CA /* Main.storyboard */ = {
			isa = PBXVariantGroup;
			children = (
				5D44C51B19DA1F6000DDA8CA /* Base */,
			);
			name = Main.storyboard;
			sourceTree = "<group>";
		};
		5D44C51F19DA1F6000DDA8CA /* LaunchScreen.xib */ = {
			isa = PBXVariantGroup;
			children = (
				5D44C52019DA1F6000DDA8CA /* Base */,
			);
			name = LaunchScreen.xib;
			sourceTree = "<group>";
		};
		5D44C54919DA3D0900DDA8CA /* InfoPlist.strings */ = {
			isa = PBXVariantGroup;
			children = (
				5D44C54A19DA3D0900DDA8CA /* en */,
			);
			name = InfoPlist.strings;
			sourceTree = "<group>";
		};
/* End PBXVariantGroup section */

/* Begin XCBuildConfiguration section */
		5D44C52E19DA1F6000DDA8CA /* Debug */ = {
			isa = XCBuildConfiguration;
			buildSettings = {
				ALWAYS_SEARCH_USER_PATHS = NO;
				CLANG_CXX_LANGUAGE_STANDARD = "gnu++0x";
				CLANG_CXX_LIBRARY = "libc++";
				CLANG_ENABLE_MODULES = YES;
				CLANG_ENABLE_OBJC_ARC = YES;
				CLANG_WARN_BOOL_CONVERSION = YES;
				CLANG_WARN_CONSTANT_CONVERSION = YES;
				CLANG_WARN_DIRECT_OBJC_ISA_USAGE = YES_ERROR;
				CLANG_WARN_EMPTY_BODY = YES;
				CLANG_WARN_ENUM_CONVERSION = YES;
				CLANG_WARN_INT_CONVERSION = YES;
				CLANG_WARN_OBJC_ROOT_CLASS = YES_ERROR;
				CLANG_WARN_UNREACHABLE_CODE = YES;
				CLANG_WARN__DUPLICATE_METHOD_MATCH = YES;
				"CODE_SIGN_IDENTITY[sdk=iphoneos*]" = "iPhone Developer";
				COPY_PHASE_STRIP = NO;
				ENABLE_STRICT_OBJC_MSGSEND = YES;
				GCC_C_LANGUAGE_STANDARD = gnu99;
				GCC_DYNAMIC_NO_PIC = NO;
				GCC_OPTIMIZATION_LEVEL = 0;
				GCC_PREPROCESSOR_DEFINITIONS = (
					"DEBUG=1",
					"$(inherited)",
				);
				GCC_SYMBOLS_PRIVATE_EXTERN = NO;
				GCC_WARN_64_TO_32_BIT_CONVERSION = YES;
				GCC_WARN_ABOUT_RETURN_TYPE = YES_ERROR;
				GCC_WARN_UNDECLARED_SELECTOR = YES;
				GCC_WARN_UNINITIALIZED_AUTOS = YES_AGGRESSIVE;
				GCC_WARN_UNUSED_FUNCTION = YES;
				GCC_WARN_UNUSED_VARIABLE = YES;
				IPHONEOS_DEPLOYMENT_TARGET = 8.0;
				MTL_ENABLE_DEBUG_INFO = YES;
				ONLY_ACTIVE_ARCH = YES;
				SDKROOT = iphoneos;
			};
			name = Debug;
		};
		5D44C52F19DA1F6000DDA8CA /* Release */ = {
			isa = XCBuildConfiguration;
			buildSettings = {
				ALWAYS_SEARCH_USER_PATHS = NO;
				CLANG_CXX_LANGUAGE_STANDARD = "gnu++0x";
				CLANG_CXX_LIBRARY = "libc++";
				CLANG_ENABLE_MODULES = YES;
				CLANG_ENABLE_OBJC_ARC = YES;
				CLANG_WARN_BOOL_CONVERSION = YES;
				CLANG_WARN_CONSTANT_CONVERSION = YES;
				CLANG_WARN_DIRECT_OBJC_ISA_USAGE = YES_ERROR;
				CLANG_WARN_EMPTY_BODY = YES;
				CLANG_WARN_ENUM_CONVERSION = YES;
				CLANG_WARN_INT_CONVERSION = YES;
				CLANG_WARN_OBJC_ROOT_CLASS = YES_ERROR;
				CLANG_WARN_UNREACHABLE_CODE = YES;
				CLANG_WARN__DUPLICATE_METHOD_MATCH = YES;
				"CODE_SIGN_IDENTITY[sdk=iphoneos*]" = "iPhone Developer";
				COPY_PHASE_STRIP = YES;
				ENABLE_NS_ASSERTIONS = NO;
				ENABLE_STRICT_OBJC_MSGSEND = YES;
				GCC_C_LANGUAGE_STANDARD = gnu99;
				GCC_WARN_64_TO_32_BIT_CONVERSION = YES;
				GCC_WARN_ABOUT_RETURN_TYPE = YES_ERROR;
				GCC_WARN_UNDECLARED_SELECTOR = YES;
				GCC_WARN_UNINITIALIZED_AUTOS = YES_AGGRESSIVE;
				GCC_WARN_UNUSED_FUNCTION = YES;
				GCC_WARN_UNUSED_VARIABLE = YES;
				IPHONEOS_DEPLOYMENT_TARGET = 8.0;
				MTL_ENABLE_DEBUG_INFO = NO;
				SDKROOT = iphoneos;
				VALIDATE_PRODUCT = YES;
			};
			name = Release;
		};
		5D44C53119DA1F6000DDA8CA /* Debug */ = {
			isa = XCBuildConfiguration;
			baseConfigurationReference = 28005FEF1AFC6092F1C6B54B /* Pods.debug.xcconfig */;
			buildSettings = {
				ASSETCATALOG_COMPILER_APPICON_NAME = AppIcon;
				INFOPLIST_FILE = "Simulado PMP/Info.plist";
				IPHONEOS_DEPLOYMENT_TARGET = 8.1;
				LD_RUNPATH_SEARCH_PATHS = "$(inherited) @executable_path/Frameworks";
				PRODUCT_NAME = "$(TARGET_NAME)";
			};
			name = Debug;
		};
		5D44C53219DA1F6000DDA8CA /* Release */ = {
			isa = XCBuildConfiguration;
			baseConfigurationReference = F6853B81E4D78AE52269A3C6 /* Pods.release.xcconfig */;
			buildSettings = {
				ASSETCATALOG_COMPILER_APPICON_NAME = AppIcon;
				INFOPLIST_FILE = "Simulado PMP/Info.plist";
				IPHONEOS_DEPLOYMENT_TARGET = 8.1;
				LD_RUNPATH_SEARCH_PATHS = "$(inherited) @executable_path/Frameworks";
				PRODUCT_NAME = "$(TARGET_NAME)";
			};
			name = Release;
		};
		5D44C53419DA1F6000DDA8CA /* Debug */ = {
			isa = XCBuildConfiguration;
			buildSettings = {
				BUNDLE_LOADER = "$(TEST_HOST)";
				FRAMEWORK_SEARCH_PATHS = (
					"$(SDKROOT)/Developer/Library/Frameworks",
					"$(inherited)",
				);
				GCC_PREPROCESSOR_DEFINITIONS = (
					"DEBUG=1",
					"$(inherited)",
				);
				INFOPLIST_FILE = "Simulado PMPTests/Info.plist";
				LD_RUNPATH_SEARCH_PATHS = "$(inherited) @executable_path/Frameworks @loader_path/Frameworks";
				PRODUCT_NAME = "$(TARGET_NAME)";
				TEST_HOST = "$(BUILT_PRODUCTS_DIR)/Simulado PMP.app/Simulado PMP";
			};
			name = Debug;
		};
		5D44C53519DA1F6000DDA8CA /* Release */ = {
			isa = XCBuildConfiguration;
			buildSettings = {
				BUNDLE_LOADER = "$(TEST_HOST)";
				FRAMEWORK_SEARCH_PATHS = (
					"$(SDKROOT)/Developer/Library/Frameworks",
					"$(inherited)",
				);
				INFOPLIST_FILE = "Simulado PMPTests/Info.plist";
				LD_RUNPATH_SEARCH_PATHS = "$(inherited) @executable_path/Frameworks @loader_path/Frameworks";
				PRODUCT_NAME = "$(TARGET_NAME)";
				TEST_HOST = "$(BUILT_PRODUCTS_DIR)/Simulado PMP.app/Simulado PMP";
			};
			name = Release;
		};
/* End XCBuildConfiguration section */

/* Begin XCConfigurationList section */
		5D44C50519DA1F6000DDA8CA /* Build configuration list for PBXProject "Simulado PMP" */ = {
			isa = XCConfigurationList;
			buildConfigurations = (
				5D44C52E19DA1F6000DDA8CA /* Debug */,
				5D44C52F19DA1F6000DDA8CA /* Release */,
			);
			defaultConfigurationIsVisible = 0;
			defaultConfigurationName = Release;
		};
		5D44C53019DA1F6000DDA8CA /* Build configuration list for PBXNativeTarget "Simulado PMP" */ = {
			isa = XCConfigurationList;
			buildConfigurations = (
				5D44C53119DA1F6000DDA8CA /* Debug */,
				5D44C53219DA1F6000DDA8CA /* Release */,
			);
			defaultConfigurationIsVisible = 0;
			defaultConfigurationName = Release;
		};
		5D44C53319DA1F6000DDA8CA /* Build configuration list for PBXNativeTarget "Simulado PMPTests" */ = {
			isa = XCConfigurationList;
			buildConfigurations = (
				5D44C53419DA1F6000DDA8CA /* Debug */,
				5D44C53519DA1F6000DDA8CA /* Release */,
			);
			defaultConfigurationIsVisible = 0;
			defaultConfigurationName = Release;
		};
/* End XCConfigurationList section */

/* Begin XCVersionGroup section */
		5D44C51419DA1F6000DDA8CA /* Simulado_PMP.xcdatamodeld */ = {
			isa = XCVersionGroup;
			children = (
				5D44C51519DA1F6000DDA8CA /* Simulado_PMP.xcdatamodel */,
			);
			currentVersion = 5D44C51519DA1F6000DDA8CA /* Simulado_PMP.xcdatamodel */;
			path = Simulado_PMP.xcdatamodeld;
			sourceTree = "<group>";
			versionGroupType = wrapper.xcdatamodel;
		};
/* End XCVersionGroup section */
	};
	rootObject = 5D44C50219DA1F6000DDA8CA /* Project object */;
}
